// !$*UTF8*$!
{
	archiveVersion = 1;
	classes = {
	};
	objectVersion = 50;
	objects = {

/* Begin PBXBuildFile section */
		3869F2F022B578A8001BFABD /* AppDelegate.swift in Sources */ = {isa = PBXBuildFile; fileRef = 3869F2EF22B578A8001BFABD /* AppDelegate.swift */; };
		3869F2F222B578A8001BFABD /* SceneDelegate.swift in Sources */ = {isa = PBXBuildFile; fileRef = 3869F2F122B578A8001BFABD /* SceneDelegate.swift */; };
		3869F2F422B578A8001BFABD /* ContentView.swift in Sources */ = {isa = PBXBuildFile; fileRef = 3869F2F322B578A8001BFABD /* ContentView.swift */; };
		3869F2F622B578A9001BFABD /* Assets.xcassets in Resources */ = {isa = PBXBuildFile; fileRef = 3869F2F522B578A9001BFABD /* Assets.xcassets */; };
		3869F2F922B578A9001BFABD /* Preview Assets.xcassets in Resources */ = {isa = PBXBuildFile; fileRef = 3869F2F822B578A9001BFABD /* Preview Assets.xcassets */; };
		3869F2FC22B578A9001BFABD /* LaunchScreen.storyboard in Resources */ = {isa = PBXBuildFile; fileRef = 3869F2FA22B578A9001BFABD /* LaunchScreen.storyboard */; };
		3869F30722B578A9001BFABD /* SnailTests.swift in Sources */ = {isa = PBXBuildFile; fileRef = 3869F30622B578A9001BFABD /* SnailTests.swift */; };
		3869F31222B578A9001BFABD /* SnailUITests.swift in Sources */ = {isa = PBXBuildFile; fileRef = 3869F31122B578A9001BFABD /* SnailUITests.swift */; };
/* End PBXBuildFile section */

/* Begin PBXContainerItemProxy section */
		3869F30322B578A9001BFABD /* PBXContainerItemProxy */ = {
			isa = PBXContainerItemProxy;
			containerPortal = 3869F2E422B578A8001BFABD /* Project object */;
			proxyType = 1;
			remoteGlobalIDString = 3869F2EB22B578A8001BFABD;
			remoteInfo = Snail;
		};
		3869F30E22B578A9001BFABD /* PBXContainerItemProxy */ = {
			isa = PBXContainerItemProxy;
			containerPortal = 3869F2E422B578A8001BFABD /* Project object */;
			proxyType = 1;
			remoteGlobalIDString = 3869F2EB22B578A8001BFABD;
			remoteInfo = Snail;
		};
/* End PBXContainerItemProxy section */

/* Begin PBXFileReference section */
		3869F2EC22B578A8001BFABD /* Snail.app */ = {isa = PBXFileReference; explicitFileType = wrapper.application; includeInIndex = 0; path = Snail.app; sourceTree = BUILT_PRODUCTS_DIR; };
		3869F2EF22B578A8001BFABD /* AppDelegate.swift */ = {isa = PBXFileReference; lastKnownFileType = sourcecode.swift; path = AppDelegate.swift; sourceTree = "<group>"; };
		3869F2F122B578A8001BFABD /* SceneDelegate.swift */ = {isa = PBXFileReference; lastKnownFileType = sourcecode.swift; path = SceneDelegate.swift; sourceTree = "<group>"; };
		3869F2F322B578A8001BFABD /* ContentView.swift */ = {isa = PBXFileReference; lastKnownFileType = sourcecode.swift; path = ContentView.swift; sourceTree = "<group>"; };
		3869F2F522B578A9001BFABD /* Assets.xcassets */ = {isa = PBXFileReference; lastKnownFileType = folder.assetcatalog; path = Assets.xcassets; sourceTree = "<group>"; };
		3869F2F822B578A9001BFABD /* Preview Assets.xcassets */ = {isa = PBXFileReference; lastKnownFileType = folder.assetcatalog; path = "Preview Assets.xcassets"; sourceTree = "<group>"; };
		3869F2FB22B578A9001BFABD /* Base */ = {isa = PBXFileReference; lastKnownFileType = file.storyboard; name = Base; path = Base.lproj/LaunchScreen.storyboard; sourceTree = "<group>"; };
		3869F2FD22B578A9001BFABD /* Info.plist */ = {isa = PBXFileReference; lastKnownFileType = text.plist.xml; path = Info.plist; sourceTree = "<group>"; };
		3869F30222B578A9001BFABD /* SnailTests.xctest */ = {isa = PBXFileReference; explicitFileType = wrapper.cfbundle; includeInIndex = 0; path = SnailTests.xctest; sourceTree = BUILT_PRODUCTS_DIR; };
		3869F30622B578A9001BFABD /* SnailTests.swift */ = {isa = PBXFileReference; lastKnownFileType = sourcecode.swift; path = SnailTests.swift; sourceTree = "<group>"; };
		3869F30822B578A9001BFABD /* Info.plist */ = {isa = PBXFileReference; lastKnownFileType = text.plist.xml; path = Info.plist; sourceTree = "<group>"; };
		3869F30D22B578A9001BFABD /* SnailUITests.xctest */ = {isa = PBXFileReference; explicitFileType = wrapper.cfbundle; includeInIndex = 0; path = SnailUITests.xctest; sourceTree = BUILT_PRODUCTS_DIR; };
		3869F31122B578A9001BFABD /* SnailUITests.swift */ = {isa = PBXFileReference; lastKnownFileType = sourcecode.swift; path = SnailUITests.swift; sourceTree = "<group>"; };
		3869F31322B578A9001BFABD /* Info.plist */ = {isa = PBXFileReference; lastKnownFileType = text.plist.xml; path = Info.plist; sourceTree = "<group>"; };
/* End PBXFileReference section */

/* Begin PBXFrameworksBuildPhase section */
		3869F2E922B578A8001BFABD /* Frameworks */ = {
			isa = PBXFrameworksBuildPhase;
			buildActionMask = 2147483647;
			files = (
			);
			runOnlyForDeploymentPostprocessing = 0;
		};
		3869F2FF22B578A9001BFABD /* Frameworks */ = {
			isa = PBXFrameworksBuildPhase;
			buildActionMask = 2147483647;
			files = (
			);
			runOnlyForDeploymentPostprocessing = 0;
		};
		3869F30A22B578A9001BFABD /* Frameworks */ = {
			isa = PBXFrameworksBuildPhase;
			buildActionMask = 2147483647;
			files = (
			);
			runOnlyForDeploymentPostprocessing = 0;
		};
/* End PBXFrameworksBuildPhase section */

/* Begin PBXGroup section */
		3869F2E322B578A8001BFABD = {
			isa = PBXGroup;
			children = (
				3869F2EE22B578A8001BFABD /* Snail */,
				3869F30522B578A9001BFABD /* SnailTests */,
				3869F31022B578A9001BFABD /* SnailUITests */,
				3869F2ED22B578A8001BFABD /* Products */,
			);
			sourceTree = "<group>";
		};
		3869F2ED22B578A8001BFABD /* Products */ = {
			isa = PBXGroup;
			children = (
				3869F2EC22B578A8001BFABD /* Snail.app */,
				3869F30222B578A9001BFABD /* SnailTests.xctest */,
				3869F30D22B578A9001BFABD /* SnailUITests.xctest */,
			);
			name = Products;
			sourceTree = "<group>";
		};
		3869F2EE22B578A8001BFABD /* Snail */ = {
			isa = PBXGroup;
			children = (
				3869F2EF22B578A8001BFABD /* AppDelegate.swift */,
				3869F2F122B578A8001BFABD /* SceneDelegate.swift */,
				3869F2F322B578A8001BFABD /* ContentView.swift */,
				3869F2F522B578A9001BFABD /* Assets.xcassets */,
				3869F2FA22B578A9001BFABD /* LaunchScreen.storyboard */,
				3869F2FD22B578A9001BFABD /* Info.plist */,
				3869F2F722B578A9001BFABD /* Preview Content */,
			);
			path = Snail;
			sourceTree = "<group>";
		};
		3869F2F722B578A9001BFABD /* Preview Content */ = {
			isa = PBXGroup;
			children = (
				3869F2F822B578A9001BFABD /* Preview Assets.xcassets */,
			);
			path = "Preview Content";
			sourceTree = "<group>";
		};
		3869F30522B578A9001BFABD /* SnailTests */ = {
			isa = PBXGroup;
			children = (
				3869F30622B578A9001BFABD /* SnailTests.swift */,
				3869F30822B578A9001BFABD /* Info.plist */,
			);
			path = SnailTests;
			sourceTree = "<group>";
		};
		3869F31022B578A9001BFABD /* SnailUITests */ = {
			isa = PBXGroup;
			children = (
				3869F31122B578A9001BFABD /* SnailUITests.swift */,
				3869F31322B578A9001BFABD /* Info.plist */,
			);
			path = SnailUITests;
			sourceTree = "<group>";
		};
/* End PBXGroup section */

/* Begin PBXNativeTarget section */
		3869F2EB22B578A8001BFABD /* Snail */ = {
			isa = PBXNativeTarget;
			buildConfigurationList = 3869F31622B578A9001BFABD /* Build configuration list for PBXNativeTarget "Snail" */;
			buildPhases = (
				3869F2E822B578A8001BFABD /* Sources */,
				3869F2E922B578A8001BFABD /* Frameworks */,
				3869F2EA22B578A8001BFABD /* Resources */,
			);
			buildRules = (
			);
			dependencies = (
			);
			name = Snail;
			productName = Snail;
			productReference = 3869F2EC22B578A8001BFABD /* Snail.app */;
			productType = "com.apple.product-type.application";
		};
		3869F30122B578A9001BFABD /* SnailTests */ = {
			isa = PBXNativeTarget;
			buildConfigurationList = 3869F31922B578A9001BFABD /* Build configuration list for PBXNativeTarget "SnailTests" */;
			buildPhases = (
				3869F2FE22B578A9001BFABD /* Sources */,
				3869F2FF22B578A9001BFABD /* Frameworks */,
				3869F30022B578A9001BFABD /* Resources */,
			);
			buildRules = (
			);
			dependencies = (
				3869F30422B578A9001BFABD /* PBXTargetDependency */,
			);
			name = SnailTests;
			productName = SnailTests;
			productReference = 3869F30222B578A9001BFABD /* SnailTests.xctest */;
			productType = "com.apple.product-type.bundle.unit-test";
		};
		3869F30C22B578A9001BFABD /* SnailUITests */ = {
			isa = PBXNativeTarget;
			buildConfigurationList = 3869F31C22B578A9001BFABD /* Build configuration list for PBXNativeTarget "SnailUITests" */;
			buildPhases = (
				3869F30922B578A9001BFABD /* Sources */,
				3869F30A22B578A9001BFABD /* Frameworks */,
				3869F30B22B578A9001BFABD /* Resources */,
			);
			buildRules = (
			);
			dependencies = (
				3869F30F22B578A9001BFABD /* PBXTargetDependency */,
			);
			name = SnailUITests;
			productName = SnailUITests;
			productReference = 3869F30D22B578A9001BFABD /* SnailUITests.xctest */;
			productType = "com.apple.product-type.bundle.ui-testing";
		};
/* End PBXNativeTarget section */

/* Begin PBXProject section */
		3869F2E422B578A8001BFABD /* Project object */ = {
			isa = PBXProject;
			attributes = {
				LastSwiftUpdateCheck = 1100;
				LastUpgradeCheck = 1100;
				ORGANIZATIONNAME = "Berik Visschers";
				TargetAttributes = {
					3869F2EB22B578A8001BFABD = {
						CreatedOnToolsVersion = 11.0;
					};
					3869F30122B578A9001BFABD = {
						CreatedOnToolsVersion = 11.0;
						TestTargetID = 3869F2EB22B578A8001BFABD;
					};
					3869F30C22B578A9001BFABD = {
						CreatedOnToolsVersion = 11.0;
						TestTargetID = 3869F2EB22B578A8001BFABD;
					};
				};
			};
			buildConfigurationList = 3869F2E722B578A8001BFABD /* Build configuration list for PBXProject "Snail" */;
			compatibilityVersion = "Xcode 9.3";
			developmentRegion = en;
			hasScannedForEncodings = 0;
			knownRegions = (
				en,
				Base,
			);
			mainGroup = 3869F2E322B578A8001BFABD;
			productRefGroup = 3869F2ED22B578A8001BFABD /* Products */;
			projectDirPath = "";
			projectRoot = "";
			targets = (
				3869F2EB22B578A8001BFABD /* Snail */,
				3869F30122B578A9001BFABD /* SnailTests */,
				3869F30C22B578A9001BFABD /* SnailUITests */,
			);
		};
/* End PBXProject section */

/* Begin PBXResourcesBuildPhase section */
		3869F2EA22B578A8001BFABD /* Resources */ = {
			isa = PBXResourcesBuildPhase;
			buildActionMask = 2147483647;
			files = (
				3869F2FC22B578A9001BFABD /* LaunchScreen.storyboard in Resources */,
				3869F2F922B578A9001BFABD /* Preview Assets.xcassets in Resources */,
				3869F2F622B578A9001BFABD /* Assets.xcassets in Resources */,
			);
			runOnlyForDeploymentPostprocessing = 0;
		};
		3869F30022B578A9001BFABD /* Resources */ = {
			isa = PBXResourcesBuildPhase;
			buildActionMask = 2147483647;
			files = (
			);
			runOnlyForDeploymentPostprocessing = 0;
		};
		3869F30B22B578A9001BFABD /* Resources */ = {
			isa = PBXResourcesBuildPhase;
			buildActionMask = 2147483647;
			files = (
			);
			runOnlyForDeploymentPostprocessing = 0;
		};
/* End PBXResourcesBuildPhase section */

/* Begin PBXSourcesBuildPhase section */
		3869F2E822B578A8001BFABD /* Sources */ = {
			isa = PBXSourcesBuildPhase;
			buildActionMask = 2147483647;
			files = (
				3869F2F022B578A8001BFABD /* AppDelegate.swift in Sources */,
				3869F2F222B578A8001BFABD /* SceneDelegate.swift in Sources */,
				3869F2F422B578A8001BFABD /* ContentView.swift in Sources */,
			);
			runOnlyForDeploymentPostprocessing = 0;
		};
		3869F2FE22B578A9001BFABD /* Sources */ = {
			isa = PBXSourcesBuildPhase;
			buildActionMask = 2147483647;
			files = (
				3869F30722B578A9001BFABD /* SnailTests.swift in Sources */,
			);
			runOnlyForDeploymentPostprocessing = 0;
		};
		3869F30922B578A9001BFABD /* Sources */ = {
			isa = PBXSourcesBuildPhase;
			buildActionMask = 2147483647;
			files = (
				3869F31222B578A9001BFABD /* SnailUITests.swift in Sources */,
			);
			runOnlyForDeploymentPostprocessing = 0;
		};
/* End PBXSourcesBuildPhase section */

/* Begin PBXTargetDependency section */
		3869F30422B578A9001BFABD /* PBXTargetDependency */ = {
			isa = PBXTargetDependency;
			target = 3869F2EB22B578A8001BFABD /* Snail */;
			targetProxy = 3869F30322B578A9001BFABD /* PBXContainerItemProxy */;
		};
		3869F30F22B578A9001BFABD /* PBXTargetDependency */ = {
			isa = PBXTargetDependency;
			target = 3869F2EB22B578A8001BFABD /* Snail */;
			targetProxy = 3869F30E22B578A9001BFABD /* PBXContainerItemProxy */;
		};
/* End PBXTargetDependency section */

/* Begin PBXVariantGroup section */
		3869F2FA22B578A9001BFABD /* LaunchScreen.storyboard */ = {
			isa = PBXVariantGroup;
			children = (
				3869F2FB22B578A9001BFABD /* Base */,
			);
			name = LaunchScreen.storyboard;
			sourceTree = "<group>";
		};
/* End PBXVariantGroup section */

/* Begin XCBuildConfiguration section */
		3869F31422B578A9001BFABD /* Debug */ = {
			isa = XCBuildConfiguration;
			buildSettings = {
				ALWAYS_SEARCH_USER_PATHS = NO;
				CLANG_ANALYZER_NONNULL = YES;
				CLANG_ANALYZER_NUMBER_OBJECT_CONVERSION = YES_AGGRESSIVE;
				CLANG_CXX_LANGUAGE_STANDARD = "gnu++14";
				CLANG_CXX_LIBRARY = "libc++";
				CLANG_ENABLE_MODULES = YES;
				CLANG_ENABLE_OBJC_ARC = YES;
				CLANG_ENABLE_OBJC_WEAK = YES;
				CLANG_WARN_BLOCK_CAPTURE_AUTORELEASING = YES;
				CLANG_WARN_BOOL_CONVERSION = YES;
				CLANG_WARN_COMMA = YES;
				CLANG_WARN_CONSTANT_CONVERSION = YES;
				CLANG_WARN_DEPRECATED_OBJC_IMPLEMENTATIONS = YES;
				CLANG_WARN_DIRECT_OBJC_ISA_USAGE = YES_ERROR;
				CLANG_WARN_DOCUMENTATION_COMMENTS = YES;
				CLANG_WARN_EMPTY_BODY = YES;
				CLANG_WARN_ENUM_CONVERSION = YES;
				CLANG_WARN_INFINITE_RECURSION = YES;
				CLANG_WARN_INT_CONVERSION = YES;
				CLANG_WARN_NON_LITERAL_NULL_CONVERSION = YES;
				CLANG_WARN_OBJC_IMPLICIT_RETAIN_SELF = YES;
				CLANG_WARN_OBJC_LITERAL_CONVERSION = YES;
				CLANG_WARN_OBJC_ROOT_CLASS = YES_ERROR;
				CLANG_WARN_RANGE_LOOP_ANALYSIS = YES;
				CLANG_WARN_STRICT_PROTOTYPES = YES;
				CLANG_WARN_SUSPICIOUS_MOVE = YES;
				CLANG_WARN_UNGUARDED_AVAILABILITY = YES_AGGRESSIVE;
				CLANG_WARN_UNREACHABLE_CODE = YES;
				CLANG_WARN__DUPLICATE_METHOD_MATCH = YES;
				COPY_PHASE_STRIP = NO;
				DEBUG_INFORMATION_FORMAT = dwarf;
				ENABLE_STRICT_OBJC_MSGSEND = YES;
				ENABLE_TESTABILITY = YES;
				GCC_C_LANGUAGE_STANDARD = gnu11;
				GCC_DYNAMIC_NO_PIC = NO;
				GCC_NO_COMMON_BLOCKS = YES;
				GCC_OPTIMIZATION_LEVEL = 0;
				GCC_PREPROCESSOR_DEFINITIONS = (
					"DEBUG=1",
					"$(inherited)",
				);
				GCC_WARN_64_TO_32_BIT_CONVERSION = YES;
				GCC_WARN_ABOUT_RETURN_TYPE = YES_ERROR;
				GCC_WARN_UNDECLARED_SELECTOR = YES;
				GCC_WARN_UNINITIALIZED_AUTOS = YES_AGGRESSIVE;
				GCC_WARN_UNUSED_FUNCTION = YES;
				GCC_WARN_UNUSED_VARIABLE = YES;
				IPHONEOS_DEPLOYMENT_TARGET = 13.0;
				MTL_ENABLE_DEBUG_INFO = INCLUDE_SOURCE;
				MTL_FAST_MATH = YES;
				ONLY_ACTIVE_ARCH = YES;
				SDKROOT = iphoneos;
				SWIFT_ACTIVE_COMPILATION_CONDITIONS = DEBUG;
				SWIFT_OPTIMIZATION_LEVEL = "-Onone";
			};
			name = Debug;
		};
		3869F31522B578A9001BFABD /* Release */ = {
			isa = XCBuildConfiguration;
			buildSettings = {
				ALWAYS_SEARCH_USER_PATHS = NO;
				CLANG_ANALYZER_NONNULL = YES;
				CLANG_ANALYZER_NUMBER_OBJECT_CONVERSION = YES_AGGRESSIVE;
				CLANG_CXX_LANGUAGE_STANDARD = "gnu++14";
				CLANG_CXX_LIBRARY = "libc++";
				CLANG_ENABLE_MODULES = YES;
				CLANG_ENABLE_OBJC_ARC = YES;
				CLANG_ENABLE_OBJC_WEAK = YES;
				CLANG_WARN_BLOCK_CAPTURE_AUTORELEASING = YES;
				CLANG_WARN_BOOL_CONVERSION = YES;
				CLANG_WARN_COMMA = YES;
				CLANG_WARN_CONSTANT_CONVERSION = YES;
				CLANG_WARN_DEPRECATED_OBJC_IMPLEMENTATIONS = YES;
				CLANG_WARN_DIRECT_OBJC_ISA_USAGE = YES_ERROR;
				CLANG_WARN_DOCUMENTATION_COMMENTS = YES;
				CLANG_WARN_EMPTY_BODY = YES;
				CLANG_WARN_ENUM_CONVERSION = YES;
				CLANG_WARN_INFINITE_RECURSION = YES;
				CLANG_WARN_INT_CONVERSION = YES;
				CLANG_WARN_NON_LITERAL_NULL_CONVERSION = YES;
				CLANG_WARN_OBJC_IMPLICIT_RETAIN_SELF = YES;
				CLANG_WARN_OBJC_LITERAL_CONVERSION = YES;
				CLANG_WARN_OBJC_ROOT_CLASS = YES_ERROR;
				CLANG_WARN_RANGE_LOOP_ANALYSIS = YES;
				CLANG_WARN_STRICT_PROTOTYPES = YES;
				CLANG_WARN_SUSPICIOUS_MOVE = YES;
				CLANG_WARN_UNGUARDED_AVAILABILITY = YES_AGGRESSIVE;
				CLANG_WARN_UNREACHABLE_CODE = YES;
				CLANG_WARN__DUPLICATE_METHOD_MATCH = YES;
				COPY_PHASE_STRIP = NO;
				DEBUG_INFORMATION_FORMAT = "dwarf-with-dsym";
				ENABLE_NS_ASSERTIONS = NO;
				ENABLE_STRICT_OBJC_MSGSEND = YES;
				GCC_C_LANGUAGE_STANDARD = gnu11;
				GCC_NO_COMMON_BLOCKS = YES;
				GCC_WARN_64_TO_32_BIT_CONVERSION = YES;
				GCC_WARN_ABOUT_RETURN_TYPE = YES_ERROR;
				GCC_WARN_UNDECLARED_SELECTOR = YES;
				GCC_WARN_UNINITIALIZED_AUTOS = YES_AGGRESSIVE;
				GCC_WARN_UNUSED_FUNCTION = YES;
				GCC_WARN_UNUSED_VARIABLE = YES;
				IPHONEOS_DEPLOYMENT_TARGET = 13.0;
				MTL_ENABLE_DEBUG_INFO = NO;
				MTL_FAST_MATH = YES;
				SDKROOT = iphoneos;
				SWIFT_COMPILATION_MODE = wholemodule;
				SWIFT_OPTIMIZATION_LEVEL = "-O";
				VALIDATE_PRODUCT = YES;
			};
			name = Release;
		};
		3869F31722B578A9001BFABD /* Debug */ = {
			isa = XCBuildConfiguration;
			buildSettings = {
				ASSETCATALOG_COMPILER_APPICON_NAME = AppIcon;
				CODE_SIGN_STYLE = Automatic;
				DEVELOPMENT_ASSET_PATHS = "Snail/Preview\\ Content";
				DEVELOPMENT_TEAM = F9B373L6HL;
				ENABLE_PREVIEWS = YES;
				INFOPLIST_FILE = Snail/Info.plist;
				LD_RUNPATH_SEARCH_PATHS = (
					"$(inherited)",
					"@executable_path/Frameworks",
				);
				PRODUCT_BUNDLE_IDENTIFIER = com.menka.Snail;
				PRODUCT_NAME = "$(TARGET_NAME)";
				SWIFT_VERSION = 5.0;
				TARGETED_DEVICE_FAMILY = "1,2";
			};
			name = Debug;
		};
		3869F31822B578A9001BFABD /* Release */ = {
			isa = XCBuildConfiguration;
			buildSettings = {
				ASSETCATALOG_COMPILER_APPICON_NAME = AppIcon;
				CODE_SIGN_STYLE = Automatic;
				DEVELOPMENT_ASSET_PATHS = "Snail/Preview\\ Content";
				DEVELOPMENT_TEAM = F9B373L6HL;
				ENABLE_PREVIEWS = YES;
				INFOPLIST_FILE = Snail/Info.plist;
				LD_RUNPATH_SEARCH_PATHS = (
					"$(inherited)",
					"@executable_path/Frameworks",
				);
				PRODUCT_BUNDLE_IDENTIFIER = com.menka.Snail;
				PRODUCT_NAME = "$(TARGET_NAME)";
				SWIFT_VERSION = 5.0;
				TARGETED_DEVICE_FAMILY = "1,2";
			};
			name = Release;
		};
		3869F31A22B578A9001BFABD /* Debug */ = {
			isa = XCBuildConfiguration;
			buildSettings = {
				ALWAYS_EMBED_SWIFT_STANDARD_LIBRARIES = YES;
				BUNDLE_LOADER = "$(TEST_HOST)";
				CODE_SIGN_STYLE = Automatic;
				DEVELOPMENT_TEAM = F9B373L6HL;
				INFOPLIST_FILE = SnailTests/Info.plist;
				LD_RUNPATH_SEARCH_PATHS = (
					"$(inherited)",
					"@executable_path/Frameworks",
					"@loader_path/Frameworks",
				);
				PRODUCT_BUNDLE_IDENTIFIER = com.menka.SnailTests;
				PRODUCT_NAME = "$(TARGET_NAME)";
				SWIFT_VERSION = 5.0;
				TARGETED_DEVICE_FAMILY = "1,2";
				TEST_HOST = "$(BUILT_PRODUCTS_DIR)/Snail.app/Snail";
			};
			name = Debug;
		};
		3869F31B22B578A9001BFABD /* Release */ = {
			isa = XCBuildConfiguration;
			buildSettings = {
				ALWAYS_EMBED_SWIFT_STANDARD_LIBRARIES = YES;
				BUNDLE_LOADER = "$(TEST_HOST)";
				CODE_SIGN_STYLE = Automatic;
				DEVELOPMENT_TEAM = F9B373L6HL;
				INFOPLIST_FILE = SnailTests/Info.plist;
				LD_RUNPATH_SEARCH_PATHS = (
					"$(inherited)",
					"@executable_path/Frameworks",
					"@loader_path/Frameworks",
				);
				PRODUCT_BUNDLE_IDENTIFIER = com.menka.SnailTests;
				PRODUCT_NAME = "$(TARGET_NAME)";
				SWIFT_VERSION = 5.0;
				TARGETED_DEVICE_FAMILY = "1,2";
				TEST_HOST = "$(BUILT_PRODUCTS_DIR)/Snail.app/Snail";
			};
			name = Release;
		};
		3869F31D22B578A9001BFABD /* Debug */ = {
			isa = XCBuildConfiguration;
			buildSettings = {
				ALWAYS_EMBED_SWIFT_STANDARD_LIBRARIES = YES;
				CODE_SIGN_STYLE = Automatic;
				DEVELOPMENT_TEAM = F9B373L6HL;
				INFOPLIST_FILE = SnailUITests/Info.plist;
				LD_RUNPATH_SEARCH_PATHS = (
					"$(inherited)",
					"@executable_path/Frameworks",
					"@loader_path/Frameworks",
				);
				PRODUCT_BUNDLE_IDENTIFIER = com.menka.SnailUITests;
				PRODUCT_NAME = "$(TARGET_NAME)";
				SWIFT_VERSION = 5.0;
				TARGETED_DEVICE_FAMILY = "1,2";
				TEST_TARGET_NAME = Snail;
			};
			name = Debug;
		};
		3869F31E22B578A9001BFABD /* Release */ = {
			isa = XCBuildConfiguration;
			buildSettings = {
				ALWAYS_EMBED_SWIFT_STANDARD_LIBRARIES = YES;
				CODE_SIGN_STYLE = Automatic;
				DEVELOPMENT_TEAM = F9B373L6HL;
				INFOPLIST_FILE = SnailUITests/Info.plist;
				LD_RUNPATH_SEARCH_PATHS = (
					"$(inherited)",
					"@executable_path/Frameworks",
					"@loader_path/Frameworks",
				);
				PRODUCT_BUNDLE_IDENTIFIER = com.menka.SnailUITests;
				PRODUCT_NAME = "$(TARGET_NAME)";
				SWIFT_VERSION = 5.0;
				TARGETED_DEVICE_FAMILY = "1,2";
				TEST_TARGET_NAME = Snail;
			};
			name = Release;
		};
/* End XCBuildConfiguration section */

/* Begin XCConfigurationList section */
		3869F2E722B578A8001BFABD /* Build configuration list for PBXProject "Snail" */ = {
			isa = XCConfigurationList;
			buildConfigurations = (
				3869F31422B578A9001BFABD /* Debug */,
				3869F31522B578A9001BFABD /* Release */,
			);
			defaultConfigurationIsVisible = 0;
			defaultConfigurationName = Release;
		};
		3869F31622B578A9001BFABD /* Build configuration list for PBXNativeTarget "Snail" */ = {
			isa = XCConfigurationList;
			buildConfigurations = (
				3869F31722B578A9001BFABD /* Debug */,
				3869F31822B578A9001BFABD /* Release */,
			);
			defaultConfigurationIsVisible = 0;
			defaultConfigurationName = Release;
		};
		3869F31922B578A9001BFABD /* Build configuration list for PBXNativeTarget "SnailTests" */ = {
			isa = XCConfigurationList;
			buildConfigurations = (
				3869F31A22B578A9001BFABD /* Debug */,
				3869F31B22B578A9001BFABD /* Release */,
			);
			defaultConfigurationIsVisible = 0;
			defaultConfigurationName = Release;
		};
		3869F31C22B578A9001BFABD /* Build configuration list for PBXNativeTarget "SnailUITests" */ = {
			isa = XCConfigurationList;
			buildConfigurations = (
				3869F31D22B578A9001BFABD /* Debug */,
				3869F31E22B578A9001BFABD /* Release */,
			);
			defaultConfigurationIsVisible = 0;
			defaultConfigurationName = Release;
		};
/* End XCConfigurationList section */
	};
	rootObject = 3869F2E422B578A8001BFABD /* Project object */;
}
